<?xml version="1.0" encoding="utf-8"?>
<Project ToolsVersion="4.0" xmlns="http://schemas.microsoft.com/developer/msbuild/2003">
  <ItemGroup>
    <ClCompile Include="AdultBoyPrefab.cpp" />
    <ClCompile Include="AdultGirlPrefab.cpp" />
    <ClCompile Include="AdulthoodScene.cpp" />
    <ClCompile Include="AdulthoodText.cpp" />
    <ClCompile Include="BabyPrefab.cpp" />
    <ClCompile Include="BadEndingScene.cpp" />
    <ClCompile Include="BadEndingSceneScript.cpp" />
    <ClCompile Include="CompetitorController.cpp" />
    <ClCompile Include="CompetitorTrace.cpp" />
    <ClCompile Include="DodoYouthPrefab.cpp" />
    <ClCompile Include="EVENT_ADULTHOOD_COMPETITOR.cpp" />
    <ClCompile Include="EVENT_ADULTHOOD_GIRL.cpp" />
    <ClCompile Include="EVENT_ADULTHOOD_INTRO.cpp" />
    <ClCompile Include="EVENT_ADULTHOOD_NOTURTLE.cpp" />
    <ClCompile Include="EVENT_ADULTHOOD_RHYTHM.cpp" />
    <ClCompile Include="EVENT_ADULTHOOD_SEAGULL.cpp" />
    <ClCompile Include="EVENT_ADULTHOOD_SWIRL.cpp" />
    <ClCompile Include="EVENT_ADULTHOOD_THUNDER.cpp" />
    <ClCompile Include="EVENT_ADULTHOOD_TURTLE.cpp" />
    <ClCompile Include="EVENT_ADULTHOOD_UPSTAR.cpp" />
    <ClCompile Include="EVENT_ADULTHOOD_WEDDING.cpp" />
    <ClCompile Include="EVENT_OLDAGE_END.cpp" />
    <ClCompile Include="EVENT_OLDAGE_FLIASHING.cpp" />
    <ClCompile Include="EVENT_OLDAGE_INTRO.cpp" />
    <ClCompile Include="EVENT_YOUTH_FARMING.cpp" />
    <ClCompile Include="EVENT_YOUTH_SOLO.cpp" />
    <ClCompile Include="GrandFaPrefab.cpp" />
    <ClCompile Include="GrandMaPrefab.cpp" />
    <ClCompile Include="Ground.cpp" />
    <ClCompile Include="LightningPrefab.cpp" />
    <ClCompile Include="OldAgeText.cpp" />
    <ClCompile Include="Swirl.cpp" />
    <ClCompile Include="SwirlPrefab.cpp" />
    <ClCompile Include="YouthScene.cpp" />
    <ClCompile Include="YouthText.cpp" />
    <ClCompile Include="AdultPlayer.cpp" />
    <ClCompile Include="BigBoatPrefab.cpp" />
    <ClCompile Include="BigStarPrefab.cpp" />
    <ClCompile Include="BirdDiePrefab.cpp" />
    <ClCompile Include="BirdDieScript.cpp" />
    <ClCompile Include="BirdPrefab.cpp" />
    <ClCompile Include="BlinkImage.cpp" />
    <ClCompile Include="BoatPrefab.cpp" />
    <ClCompile Include="BottlePrefab.cpp" />
    <ClCompile Include="CameraScript.cpp" />
    <ClCompile Include="ClockPrefab.cpp" />
    <ClCompile Include="Credit.cpp" />
    <ClCompile Include="DataManager.cpp" />
    <ClCompile Include="DialogController.cpp" />
    <ClCompile Include="EventMachine.cpp" />
    <ClCompile Include="EVENT_YOUTH_INTRO.cpp" />
    <ClCompile Include="EVENT_YOUTH_ROW.cpp" />
    <ClCompile Include="EVENT_INFANCY_END.cpp" />
    <ClCompile Include="EVENT_INFANCY_FARMING.cpp" />
    <ClCompile Include="EVENT_INFANCY_SHAKING.cpp" />
    <ClCompile Include="EVENT_INTRO.cpp" />
    <ClCompile Include="EVENT_TITLE.cpp" />
    <ClCompile Include="GameClient.cpp" />
    <ClCompile Include="GameManager.cpp" />
    <ClCompile Include="GameProcess.cpp" />
    <ClCompile Include="GlacierPrefab.cpp" />
    <ClCompile Include="HeartPrefab.cpp" />
    <ClCompile Include="Infancy.cpp" />
    <ClCompile Include="InfancyText.cpp" />
    <ClCompile Include="IPrefab.cpp" />
    <ClCompile Include="IEventState.cpp" />
    <ClCompile Include="Island2Prefab.cpp" />
    <ClCompile Include="IslandPrefab.cpp" />
    <ClCompile Include="Item.cpp" />
    <ClCompile Include="JsonBase.cpp" />
    <ClCompile Include="LilyFlowerPrefab.cpp" />
    <ClCompile Include="LoadingScene.cpp" />
    <ClCompile Include="LoadingText.cpp" />
    <ClCompile Include="LoadSceneScript.cpp" />
    <ClCompile Include="MoneyPrefab.cpp" />
    <ClCompile Include="MoveObject.cpp" />
    <ClCompile Include="MusicNotePrefab.cpp" />
    <ClCompile Include="Npc.cpp" />
    <ClCompile Include="OldAgeScene.cpp" />
    <ClCompile Include="pch.cpp" />
    <ClCompile Include="RosePrefab.cpp" />
    <ClCompile Include="Player.cpp" />
    <ClCompile Include="PressAnyKey.cpp" />
    <ClCompile Include="SmallBoatPrefab.cpp" />
    <ClCompile Include="SoundManager.cpp" />
    <ClCompile Include="StarPrefab.cpp" />
    <ClCompile Include="TestScene.cpp" />
    <ClCompile Include="TestScene3.cpp" />
    <ClCompile Include="TextScript.cpp" />
    <ClCompile Include="TitleScene.cpp" />
    <ClCompile Include="TurtlePrefab.cpp" />
    <ClCompile Include="UIManager.cpp" />
    <ClCompile Include="YJScene.cpp" />
    <ClCompile Include="HappyEndingScene.cpp" />
    <ClCompile Include="HappyEndingSceneScript.cpp" />
  </ItemGroup>
  <ItemGroup>
    <ClInclude Include="AdultBoyPrefab.h" />
    <ClInclude Include="AdultGirlPrefab.h" />
    <ClInclude Include="AdulthoodScene.h" />
    <ClInclude Include="AdulthoodText.h" />
    <ClInclude Include="BabyPrefab.h" />
    <ClInclude Include="BadEndingScene.h" />
    <ClInclude Include="BadEndingSceneScript.h" />
    <ClInclude Include="CompetitorController.h" />
    <ClInclude Include="CompetitorTrace.h" />
    <ClInclude Include="DodoYouthPrefab.h" />
    <ClInclude Include="EVENT_ADULTHOOD_COMPETITOR.h" />
    <ClInclude Include="EVENT_ADULTHOOD_GIRL.h" />
    <ClInclude Include="EVENT_ADULTHOOD_INTRO.h" />
    <ClInclude Include="EVENT_ADULTHOOD_NOTURTLE.h" />
    <ClInclude Include="EVENT_ADULTHOOD_RHYTHM.h" />
    <ClInclude Include="EVENT_ADULTHOOD_SEAGULL.h" />
    <ClInclude Include="EVENT_ADULTHOOD_SWIRL.h" />
    <ClInclude Include="EVENT_ADULTHOOD_THUNDER.h" />
    <ClInclude Include="EVENT_ADULTHOOD_TURTLE.h" />
    <ClInclude Include="EVENT_ADULTHOOD_UPSTAR.h" />
    <ClInclude Include="EVENT_ADULTHOOD_WEDDING.h" />
    <ClInclude Include="EVENT_OLDAGE_END.h" />
    <ClInclude Include="EVENT_OLDAGE_FLIASHING.h" />
    <ClInclude Include="EVENT_OLDAGE_INTRO.h" />
    <ClInclude Include="EVENT_YOUTH_FARMING.h" />
    <ClInclude Include="EVENT_YOUTH_SOLO.h" />
    <ClInclude Include="GrandFaPrefab.h" />
    <ClInclude Include="GrandMaPrefab.h" />
    <ClInclude Include="Ground.h" />
    <ClInclude Include="LightningPrefab.h" />
    <ClInclude Include="OldAgeText.h" />
    <ClInclude Include="Swirl.h" />
    <ClInclude Include="SwirlPrefab.h" />
    <ClInclude Include="YouthScene.h" />
    <ClInclude Include="YouthText.h" />
    <ClInclude Include="AdultPlayer.h" />
    <ClInclude Include="BigBoatPrefab.h" />
    <ClInclude Include="BigStarPrefab.h" />
    <ClInclude Include="BirdDiePrefab.h" />
    <ClInclude Include="BirdDieScript.h" />
    <ClInclude Include="BirdPrefab.h" />
    <ClInclude Include="BlinkImage.h" />
    <ClInclude Include="BoatPrefab.h" />
    <ClInclude Include="BottlePrefab.h" />
    <ClInclude Include="CameraScript.h" />
    <ClInclude Include="ClockPrefab.h" />
    <ClInclude Include="Credit.h" />
    <ClInclude Include="DataManager.h" />
    <ClInclude Include="DialogController.h" />
    <ClInclude Include="EventMachine.h" />
    <ClInclude Include="EVENT_YOUTH_INTRO.h" />
    <ClInclude Include="EVENT_YOUTH_ROW.h" />
    <ClInclude Include="EVENT_INFANCY_END.h" />
    <ClInclude Include="EVENT_INFANCY_FARMING.h" />
    <ClInclude Include="EVENT_INFANCY_SHAKING.h" />
    <ClInclude Include="EVENT_INTRO.h" />
    <ClInclude Include="EVENT_TITLE.h" />
    <ClInclude Include="framework.h" />
    <ClInclude Include="GameClient.h" />
    <ClInclude Include="GameManager.h" />
    <ClInclude Include="GameProcess.h" />
    <ClInclude Include="GlacierPrefab.h" />
    <ClInclude Include="HeartPrefab.h" />
    <ClInclude Include="Infancy.h" />
    <ClInclude Include="InfancyText.h" />
    <ClInclude Include="IPrefab.h" />
    <ClInclude Include="IEventState.h" />
    <ClInclude Include="Island2Prefab.h" />
    <ClInclude Include="IslandPrefab.h" />
    <ClInclude Include="Item.h" />
    <ClInclude Include="JsonBase.h" />
    <ClInclude Include="LilyFlowerPrefab.h" />
    <ClInclude Include="LoadingScene.h" />
    <ClInclude Include="LoadingText.h" />
    <ClInclude Include="LoadSceneScript.h" />
    <ClInclude Include="MoneyPrefab.h" />
    <ClInclude Include="MoveObject.h" />
    <ClInclude Include="MusicNotePrefab.h" />
    <ClInclude Include="Npc.h" />
    <ClInclude Include="OldAgeScene.h" />
    <ClInclude Include="pch.h" />
    <ClInclude Include="RosePrefab.h" />
    <ClInclude Include="Player.h" />
    <ClInclude Include="PressAnyKey.h" />
    <ClInclude Include="Resource.h" />
    <ClInclude Include="SmallBoatPrefab.h" />
    <ClInclude Include="SoundManager.h" />
    <ClInclude Include="StarPrefab.h" />
    <ClInclude Include="targetver.h" />
    <ClInclude Include="TestScene.h" />
    <ClInclude Include="TestScene3.h" />
    <ClInclude Include="TextScript.h" />
    <ClInclude Include="TitleScene.h" />
    <ClInclude Include="TurtlePrefab.h" />
    <ClInclude Include="UIManager.h" />
    <ClInclude Include="UtilityFunction.h" />
    <ClInclude Include="YJScene.h" />
    <ClInclude Include="HappyEndingScene.h" />
    <ClInclude Include="HappyEndingSceneScript.h" />
  </ItemGroup>
  <ItemGroup>
    <ResourceCompile Include="GameClient.rc" />
  </ItemGroup>
  <ItemGroup>
    <Image Include="GameClient.ico" />
    <Image Include="small.ico" />
  </ItemGroup>
</Project>